// !$*UTF8*$!
{
	archiveVersion = 1;
	classes = {
	};
	objectVersion = 50;
	objects = {

/* Begin PBXBuildFile section */
		D10E34A62458B1C600E368B0 /* BigQ.cc in Sources */ = {isa = PBXBuildFile; fileRef = D14E629C2458AF19007560CA /* BigQ.cc */; };
		D10E34A72458B1C600E368B0 /* BigQ.h in Sources */ = {isa = PBXBuildFile; fileRef = D14E629F2458AF19007560CA /* BigQ.h */; };
		D10E34A82458B1C600E368B0 /* catalog in Sources */ = {isa = PBXBuildFile; fileRef = D14E627F2458AF18007560CA /* catalog */; };
		D10E34A92458B1C600E368B0 /* Comparison.cc in Sources */ = {isa = PBXBuildFile; fileRef = D14E62892458AF18007560CA /* Comparison.cc */; };
		D10E34AA2458B1C600E368B0 /* Comparison.h in Sources */ = {isa = PBXBuildFile; fileRef = D14E628B2458AF18007560CA /* Comparison.h */; };
		D10E34AB2458B1C600E368B0 /* ComparisonEngine.cc in Sources */ = {isa = PBXBuildFile; fileRef = D14E629E2458AF19007560CA /* ComparisonEngine.cc */; };
		D10E34AC2458B1C600E368B0 /* ComparisonEngine.h in Sources */ = {isa = PBXBuildFile; fileRef = D14E62882458AF18007560CA /* ComparisonEngine.h */; };
		D10E34AD2458B1C600E368B0 /* counter.txt in Sources */ = {isa = PBXBuildFile; fileRef = D14E628E2458AF18007560CA /* counter.txt */; };
		D10E34AE2458B1C600E368B0 /* DBFile.cc in Sources */ = {isa = PBXBuildFile; fileRef = D14E62852458AF18007560CA /* DBFile.cc */; };
		D10E34AF2458B1C600E368B0 /* DBFile.h in Sources */ = {isa = PBXBuildFile; fileRef = D14E62922458AF18007560CA /* DBFile.h */; };
		D10E34B02458B1C600E368B0 /* Defs.h in Sources */ = {isa = PBXBuildFile; fileRef = D14E628F2458AF18007560CA /* Defs.h */; };
		D10E34B12458B1C600E368B0 /* File.cc in Sources */ = {isa = PBXBuildFile; fileRef = D14E62952458AF19007560CA /* File.cc */; };
		D10E34B22458B1C600E368B0 /* File.h in Sources */ = {isa = PBXBuildFile; fileRef = D14E62902458AF18007560CA /* File.h */; };
		D10E34B32458B1C600E368B0 /* Function.cc in Sources */ = {isa = PBXBuildFile; fileRef = D14E62862458AF18007560CA /* Function.cc */; };
		D10E34B42458B1C600E368B0 /* Function.h in Sources */ = {isa = PBXBuildFile; fileRef = D14E62832458AF18007560CA /* Function.h */; };
		D10E34B52458B1C600E368B0 /* Makefile in Sources */ = {isa = PBXBuildFile; fileRef = D14E62A02458AF19007560CA /* Makefile */; };
		D10E34B62458B1C600E368B0 /* gtest_main.cc in Sources */ = {isa = PBXBuildFile; fileRef = D14E62A42458B032007560CA /* gtest_main.cc */; };
		D10E34B72458B1C600E368B0 /* gtest-all.cc in Sources */ = {isa = PBXBuildFile; fileRef = D14E62A22458B032007560CA /* gtest-all.cc */; };
		D10E34B82458B1C600E368B0 /* gtest.cc in Sources */ = {isa = PBXBuildFile; fileRef = D14E62A52458B032007560CA /* gtest.cc */; };
		D10E34B92458B1C600E368B0 /* gtest.h in Sources */ = {isa = PBXBuildFile; fileRef = D14E62A12458B032007560CA /* gtest.h */; };
		D10E34BA2458B1C600E368B0 /* main.cc in Sources */ = {isa = PBXBuildFile; fileRef = D14E62A32458B032007560CA /* main.cc */; };
		D10E34BB2458B1C600E368B0 /* ParseFunc.h in Sources */ = {isa = PBXBuildFile; fileRef = D14E62962458AF19007560CA /* ParseFunc.h */; };
		D10E34BC2458B1C600E368B0 /* Parser.y in Sources */ = {isa = PBXBuildFile; fileRef = D14E628A2458AF18007560CA /* Parser.y */; };
		D10E34BD2458B1C600E368B0 /* ParserFunc.y in Sources */ = {isa = PBXBuildFile; fileRef = D14E62842458AF18007560CA /* ParserFunc.y */; };
		D10E34BE2458B1C600E368B0 /* ParseTree.h in Sources */ = {isa = PBXBuildFile; fileRef = D14E62982458AF19007560CA /* ParseTree.h */; };
		D10E34BF2458B1C600E368B0 /* Pipe.cc in Sources */ = {isa = PBXBuildFile; fileRef = D14E62812458AF18007560CA /* Pipe.cc */; };
		D10E34C02458B1C600E368B0 /* Pipe.h in Sources */ = {isa = PBXBuildFile; fileRef = D14E62932458AF19007560CA /* Pipe.h */; };
		D10E34C12458B1C600E368B0 /* Record.cc in Sources */ = {isa = PBXBuildFile; fileRef = D14E629D2458AF19007560CA /* Record.cc */; };
		D10E34C22458B1C600E368B0 /* Record.h in Sources */ = {isa = PBXBuildFile; fileRef = D14E62912458AF18007560CA /* Record.h */; };
		D10E34C32458B1C600E368B0 /* RelOp.cc in Sources */ = {isa = PBXBuildFile; fileRef = D14E62822458AF18007560CA /* RelOp.cc */; };
		D10E34C42458B1C600E368B0 /* RelOp.h in Sources */ = {isa = PBXBuildFile; fileRef = D14E628C2458AF18007560CA /* RelOp.h */; };
		D10E34C52458B1C600E368B0 /* RelStats.h in Sources */ = {isa = PBXBuildFile; fileRef = D14E62802458AF18007560CA /* RelStats.h */; };
		D10E34C62458B1C600E368B0 /* Schema.cc in Sources */ = {isa = PBXBuildFile; fileRef = D14E628D2458AF18007560CA /* Schema.cc */; };
		D10E34C72458B1C600E368B0 /* Schema.h in Sources */ = {isa = PBXBuildFile; fileRef = D14E62972458AF19007560CA /* Schema.h */; };
		D10E34C82458B1C600E368B0 /* Statistics.cc in Sources */ = {isa = PBXBuildFile; fileRef = D14E62992458AF19007560CA /* Statistics.cc */; };
		D10E34C92458B1C600E368B0 /* Statistics.h in Sources */ = {isa = PBXBuildFile; fileRef = D14E62942458AF19007560CA /* Statistics.h */; };
		D10E34CA2458B1C600E368B0 /* Statistics.txt in Sources */ = {isa = PBXBuildFile; fileRef = D14E627E2458AF18007560CA /* Statistics.txt */; };
		D10E34CB2458B1C600E368B0 /* TwoWayList.cc in Sources */ = {isa = PBXBuildFile; fileRef = D14E629A2458AF19007560CA /* TwoWayList.cc */; };
		D10E34CC2458B1C600E368B0 /* TwoWayList.h in Sources */ = {isa = PBXBuildFile; fileRef = D14E62872458AF18007560CA /* TwoWayList.h */; };
		D10E34CD2458B1C600E368B0 /* Utilities.h in Sources */ = {isa = PBXBuildFile; fileRef = D14E629B2458AF19007560CA /* Utilities.h */; };
		D14E627A2458AEBE007560CA /* main.cpp in Sources */ = {isa = PBXBuildFile; fileRef = D14E62792458AEBE007560CA /* main.cpp */; };
/* End PBXBuildFile section */

/* Begin PBXCopyFilesBuildPhase section */
		D14E62742458AEBE007560CA /* CopyFiles */ = {
			isa = PBXCopyFilesBuildPhase;
			buildActionMask = 2147483647;
			dstPath = /usr/share/man/man1/;
			dstSubfolderSpec = 0;
			files = (
			);
			runOnlyForDeploymentPostprocessing = 1;
		};
/* End PBXCopyFilesBuildPhase section */

/* Begin PBXFileReference section */
		D10E34CE2458E4D800E368B0 /* NodeHandler.h */ = {isa = PBXFileReference; fileEncoding = 4; lastKnownFileType = sourcecode.c.h; path = NodeHandler.h; sourceTree = "<group>"; };
		D10E34CF2458FA8800E368B0 /* orders.tbl */ = {isa = PBXFileReference; fileEncoding = 4; lastKnownFileType = text; name = orders.tbl; path = tpch/orders.tbl; sourceTree = "<group>"; };
		D10E34D02458FA8800E368B0 /* customer.tbl */ = {isa = PBXFileReference; fileEncoding = 4; lastKnownFileType = text; name = customer.tbl; path = tpch/customer.tbl; sourceTree = "<group>"; };
		D10E34D12458FA8800E368B0 /* lineitem.tbl */ = {isa = PBXFileReference; fileEncoding = 4; lastKnownFileType = text; name = lineitem.tbl; path = tpch/lineitem.tbl; sourceTree = "<group>"; };
		D10E34D22458FA8800E368B0 /* part.tbl */ = {isa = PBXFileReference; fileEncoding = 4; lastKnownFileType = text; name = part.tbl; path = tpch/part.tbl; sourceTree = "<group>"; };
		D10E34D32458FA8800E368B0 /* nation.tbl */ = {isa = PBXFileReference; fileEncoding = 4; lastKnownFileType = text; name = nation.tbl; path = tpch/nation.tbl; sourceTree = "<group>"; };
		D10E34D42458FA8800E368B0 /* region.tbl */ = {isa = PBXFileReference; fileEncoding = 4; lastKnownFileType = text; name = region.tbl; path = tpch/region.tbl; sourceTree = "<group>"; };
		D10E34D52458FA8800E368B0 /* partsupp.tbl */ = {isa = PBXFileReference; fileEncoding = 4; lastKnownFileType = text; name = partsupp.tbl; path = tpch/partsupp.tbl; sourceTree = "<group>"; };
		D14E62762458AEBE007560CA /* index */ = {isa = PBXFileReference; explicitFileType = "compiled.mach-o.executable"; includeInIndex = 0; path = index; sourceTree = BUILT_PRODUCTS_DIR; };
		D14E62792458AEBE007560CA /* main.cpp */ = {isa = PBXFileReference; lastKnownFileType = sourcecode.cpp.cpp; path = main.cpp; sourceTree = "<group>"; };
		D14E627E2458AF18007560CA /* Statistics.txt */ = {isa = PBXFileReference; fileEncoding = 4; lastKnownFileType = text; path = Statistics.txt; sourceTree = "<group>"; };
		D14E627F2458AF18007560CA /* catalog */ = {isa = PBXFileReference; fileEncoding = 4; lastKnownFileType = text; path = catalog; sourceTree = "<group>"; };
		D14E62802458AF18007560CA /* RelStats.h */ = {isa = PBXFileReference; fileEncoding = 4; lastKnownFileType = sourcecode.c.h; path = RelStats.h; sourceTree = "<group>"; };
		D14E62812458AF18007560CA /* Pipe.cc */ = {isa = PBXFileReference; fileEncoding = 4; lastKnownFileType = sourcecode.cpp.cpp; path = Pipe.cc; sourceTree = "<group>"; };
		D14E62822458AF18007560CA /* RelOp.cc */ = {isa = PBXFileReference; fileEncoding = 4; lastKnownFileType = sourcecode.cpp.cpp; path = RelOp.cc; sourceTree = "<group>"; };
		D14E62832458AF18007560CA /* Function.h */ = {isa = PBXFileReference; fileEncoding = 4; lastKnownFileType = sourcecode.c.h; path = Function.h; sourceTree = "<group>"; };
		D14E62842458AF18007560CA /* ParserFunc.y */ = {isa = PBXFileReference; fileEncoding = 4; lastKnownFileType = sourcecode.yacc; path = ParserFunc.y; sourceTree = "<group>"; };
		D14E62852458AF18007560CA /* DBFile.cc */ = {isa = PBXFileReference; fileEncoding = 4; lastKnownFileType = sourcecode.cpp.cpp; path = DBFile.cc; sourceTree = "<group>"; };
		D14E62862458AF18007560CA /* Function.cc */ = {isa = PBXFileReference; fileEncoding = 4; lastKnownFileType = sourcecode.cpp.cpp; path = Function.cc; sourceTree = "<group>"; };
		D14E62872458AF18007560CA /* TwoWayList.h */ = {isa = PBXFileReference; fileEncoding = 4; lastKnownFileType = sourcecode.c.h; path = TwoWayList.h; sourceTree = "<group>"; };
		D14E62882458AF18007560CA /* ComparisonEngine.h */ = {isa = PBXFileReference; fileEncoding = 4; lastKnownFileType = sourcecode.c.h; path = ComparisonEngine.h; sourceTree = "<group>"; };
		D14E62892458AF18007560CA /* Comparison.cc */ = {isa = PBXFileReference; fileEncoding = 4; lastKnownFileType = sourcecode.cpp.cpp; path = Comparison.cc; sourceTree = "<group>"; };
		D14E628A2458AF18007560CA /* Parser.y */ = {isa = PBXFileReference; fileEncoding = 4; lastKnownFileType = sourcecode.yacc; path = Parser.y; sourceTree = "<group>"; };
		D14E628B2458AF18007560CA /* Comparison.h */ = {isa = PBXFileReference; fileEncoding = 4; lastKnownFileType = sourcecode.c.h; path = Comparison.h; sourceTree = "<group>"; };
		D14E628C2458AF18007560CA /* RelOp.h */ = {isa = PBXFileReference; fileEncoding = 4; lastKnownFileType = sourcecode.c.h; path = RelOp.h; sourceTree = "<group>"; };
		D14E628D2458AF18007560CA /* Schema.cc */ = {isa = PBXFileReference; fileEncoding = 4; lastKnownFileType = sourcecode.cpp.cpp; path = Schema.cc; sourceTree = "<group>"; };
		D14E628E2458AF18007560CA /* counter.txt */ = {isa = PBXFileReference; fileEncoding = 4; lastKnownFileType = text; path = counter.txt; sourceTree = "<group>"; };
		D14E628F2458AF18007560CA /* Defs.h */ = {isa = PBXFileReference; fileEncoding = 4; lastKnownFileType = sourcecode.c.h; path = Defs.h; sourceTree = "<group>"; };
		D14E62902458AF18007560CA /* File.h */ = {isa = PBXFileReference; fileEncoding = 4; lastKnownFileType = sourcecode.c.h; path = File.h; sourceTree = "<group>"; };
		D14E62912458AF18007560CA /* Record.h */ = {isa = PBXFileReference; fileEncoding = 4; lastKnownFileType = sourcecode.c.h; path = Record.h; sourceTree = "<group>"; };
		D14E62922458AF18007560CA /* DBFile.h */ = {isa = PBXFileReference; fileEncoding = 4; lastKnownFileType = sourcecode.c.h; path = DBFile.h; sourceTree = "<group>"; };
		D14E62932458AF19007560CA /* Pipe.h */ = {isa = PBXFileReference; fileEncoding = 4; lastKnownFileType = sourcecode.c.h; path = Pipe.h; sourceTree = "<group>"; };
		D14E62942458AF19007560CA /* Statistics.h */ = {isa = PBXFileReference; fileEncoding = 4; lastKnownFileType = sourcecode.c.h; path = Statistics.h; sourceTree = "<group>"; };
		D14E62952458AF19007560CA /* File.cc */ = {isa = PBXFileReference; fileEncoding = 4; lastKnownFileType = sourcecode.cpp.cpp; path = File.cc; sourceTree = "<group>"; };
		D14E62962458AF19007560CA /* ParseFunc.h */ = {isa = PBXFileReference; fileEncoding = 4; lastKnownFileType = sourcecode.c.h; path = ParseFunc.h; sourceTree = "<group>"; };
		D14E62972458AF19007560CA /* Schema.h */ = {isa = PBXFileReference; fileEncoding = 4; lastKnownFileType = sourcecode.c.h; path = Schema.h; sourceTree = "<group>"; };
		D14E62982458AF19007560CA /* ParseTree.h */ = {isa = PBXFileReference; fileEncoding = 4; lastKnownFileType = sourcecode.c.h; path = ParseTree.h; sourceTree = "<group>"; };
		D14E62992458AF19007560CA /* Statistics.cc */ = {isa = PBXFileReference; fileEncoding = 4; lastKnownFileType = sourcecode.cpp.cpp; path = Statistics.cc; sourceTree = "<group>"; };
		D14E629A2458AF19007560CA /* TwoWayList.cc */ = {isa = PBXFileReference; fileEncoding = 4; lastKnownFileType = sourcecode.cpp.cpp; path = TwoWayList.cc; sourceTree = "<group>"; };
		D14E629B2458AF19007560CA /* Utilities.h */ = {isa = PBXFileReference; fileEncoding = 4; lastKnownFileType = sourcecode.c.h; path = Utilities.h; sourceTree = "<group>"; };
		D14E629C2458AF19007560CA /* BigQ.cc */ = {isa = PBXFileReference; fileEncoding = 4; lastKnownFileType = sourcecode.cpp.cpp; path = BigQ.cc; sourceTree = "<group>"; };
		D14E629D2458AF19007560CA /* Record.cc */ = {isa = PBXFileReference; fileEncoding = 4; lastKnownFileType = sourcecode.cpp.cpp; path = Record.cc; sourceTree = "<group>"; };
		D14E629E2458AF19007560CA /* ComparisonEngine.cc */ = {isa = PBXFileReference; fileEncoding = 4; lastKnownFileType = sourcecode.cpp.cpp; path = ComparisonEngine.cc; sourceTree = "<group>"; };
		D14E629F2458AF19007560CA /* BigQ.h */ = {isa = PBXFileReference; fileEncoding = 4; lastKnownFileType = sourcecode.c.h; path = BigQ.h; sourceTree = "<group>"; };
		D14E62A02458AF19007560CA /* Makefile */ = {isa = PBXFileReference; fileEncoding = 4; lastKnownFileType = sourcecode.make; path = Makefile; sourceTree = "<group>"; };
		D14E62A12458B032007560CA /* gtest.h */ = {isa = PBXFileReference; fileEncoding = 4; lastKnownFileType = sourcecode.c.h; path = gtest.h; sourceTree = "<group>"; };
		D14E62A22458B032007560CA /* gtest-all.cc */ = {isa = PBXFileReference; fileEncoding = 4; lastKnownFileType = sourcecode.cpp.cpp; path = "gtest-all.cc"; sourceTree = "<group>"; };
		D14E62A32458B032007560CA /* main.cc */ = {isa = PBXFileReference; fileEncoding = 4; lastKnownFileType = sourcecode.cpp.cpp; path = main.cc; sourceTree = "<group>"; };
		D14E62A42458B032007560CA /* gtest_main.cc */ = {isa = PBXFileReference; fileEncoding = 4; lastKnownFileType = sourcecode.cpp.cpp; path = gtest_main.cc; sourceTree = "<group>"; };
		D14E62A52458B032007560CA /* gtest.cc */ = {isa = PBXFileReference; fileEncoding = 4; lastKnownFileType = sourcecode.cpp.cpp; path = gtest.cc; sourceTree = "<group>"; };
/* End PBXFileReference section */

/* Begin PBXFrameworksBuildPhase section */
		D14E62732458AEBE007560CA /* Frameworks */ = {
			isa = PBXFrameworksBuildPhase;
			buildActionMask = 2147483647;
			files = (
			);
			runOnlyForDeploymentPostprocessing = 0;
		};
/* End PBXFrameworksBuildPhase section */

/* Begin PBXGroup section */
		D14E62772458AEBE007560CA /* Products */ = {
			isa = PBXGroup;
			children = (
				D14E62762458AEBE007560CA /* index */,
			);
			name = Products;
			sourceTree = "<group>";
		};
		D14E62782458AEBE007560CA /* index */ = {
			isa = PBXGroup;
			children = (
				D14E62792458AEBE007560CA /* main.cpp */,
			);
			path = index;
			sourceTree = "<group>";
		};
		D1C311092458A93700FAEEA0 = {
			isa = PBXGroup;
			children = (
				D14E629C2458AF19007560CA /* BigQ.cc */,
				D14E629F2458AF19007560CA /* BigQ.h */,
				D14E627F2458AF18007560CA /* catalog */,
				D14E62892458AF18007560CA /* Comparison.cc */,
				D14E628B2458AF18007560CA /* Comparison.h */,
				D14E629E2458AF19007560CA /* ComparisonEngine.cc */,
				D14E62882458AF18007560CA /* ComparisonEngine.h */,
				D14E628E2458AF18007560CA /* counter.txt */,
				D14E62852458AF18007560CA /* DBFile.cc */,
				D14E62922458AF18007560CA /* DBFile.h */,
				D14E628F2458AF18007560CA /* Defs.h */,
				D14E62952458AF19007560CA /* File.cc */,
				D14E62902458AF18007560CA /* File.h */,
				D14E62862458AF18007560CA /* Function.cc */,
				D10E34CE2458E4D800E368B0 /* NodeHandler.h */,
				D14E62832458AF18007560CA /* Function.h */,
				D14E62A02458AF19007560CA /* Makefile */,
				D14E62A42458B032007560CA /* gtest_main.cc */,
				D14E62A22458B032007560CA /* gtest-all.cc */,
				D14E62A52458B032007560CA /* gtest.cc */,
				D14E62A12458B032007560CA /* gtest.h */,
				D14E62A32458B032007560CA /* main.cc */,
				D10E34D02458FA8800E368B0 /* customer.tbl */,
				D10E34D12458FA8800E368B0 /* lineitem.tbl */,
				D10E34D32458FA8800E368B0 /* nation.tbl */,
				D10E34CF2458FA8800E368B0 /* orders.tbl */,
				D10E34D22458FA8800E368B0 /* part.tbl */,
				D10E34D52458FA8800E368B0 /* partsupp.tbl */,
				D10E34D42458FA8800E368B0 /* region.tbl */,
				D14E62962458AF19007560CA /* ParseFunc.h */,
				D14E628A2458AF18007560CA /* Parser.y */,
				D14E62842458AF18007560CA /* ParserFunc.y */,
				D14E62982458AF19007560CA /* ParseTree.h */,
				D14E62812458AF18007560CA /* Pipe.cc */,
				D14E62932458AF19007560CA /* Pipe.h */,
				D14E629D2458AF19007560CA /* Record.cc */,
				D14E62912458AF18007560CA /* Record.h */,
				D14E62822458AF18007560CA /* RelOp.cc */,
				D14E628C2458AF18007560CA /* RelOp.h */,
				D14E62802458AF18007560CA /* RelStats.h */,
				D14E628D2458AF18007560CA /* Schema.cc */,
				D14E62972458AF19007560CA /* Schema.h */,
				D14E62992458AF19007560CA /* Statistics.cc */,
				D14E62942458AF19007560CA /* Statistics.h */,
				D14E627E2458AF18007560CA /* Statistics.txt */,
				D14E629A2458AF19007560CA /* TwoWayList.cc */,
				D14E62872458AF18007560CA /* TwoWayList.h */,
				D14E629B2458AF19007560CA /* Utilities.h */,
				D14E62782458AEBE007560CA /* index */,
				D14E62772458AEBE007560CA /* Products */,
			);
			sourceTree = "<group>";
		};
/* End PBXGroup section */

/* Begin PBXLegacyTarget section */
		D1C3110E2458A93700FAEEA0 /* P5 final working */ = {
			isa = PBXLegacyTarget;
			buildArgumentsString = main;
			buildConfigurationList = D1C311112458A93700FAEEA0 /* Build configuration list for PBXLegacyTarget "P5 final working" */;
			buildPhases = (
			);
			buildToolPath = /usr/bin/make;
			buildWorkingDirectory = "";
			dependencies = (
			);
			name = "P5 final working";
			passBuildSettingsInEnvironment = 1;
			productName = "P5 final working";
		};
/* End PBXLegacyTarget section */

/* Begin PBXNativeTarget section */
		D14E62752458AEBE007560CA /* index */ = {
			isa = PBXNativeTarget;
			buildConfigurationList = D14E627D2458AEBE007560CA /* Build configuration list for PBXNativeTarget "index" */;
			buildPhases = (
				D14E62722458AEBE007560CA /* Sources */,
				D14E62732458AEBE007560CA /* Frameworks */,
				D14E62742458AEBE007560CA /* CopyFiles */,
			);
			buildRules = (
			);
			dependencies = (
			);
			name = index;
			productName = index;
			productReference = D14E62762458AEBE007560CA /* index */;
			productType = "com.apple.product-type.tool";
		};
/* End PBXNativeTarget section */

/* Begin PBXProject section */
		D1C3110A2458A93700FAEEA0 /* Project object */ = {
			isa = PBXProject;
			attributes = {
				LastUpgradeCheck = 1140;
				ORGANIZATIONNAME = "Dhananjay Sarsonia";
				TargetAttributes = {
					D14E62752458AEBE007560CA = {
						CreatedOnToolsVersion = 11.4.1;
					};
					D1C3110E2458A93700FAEEA0 = {
						CreatedOnToolsVersion = 11.4.1;
					};
				};
			};
			buildConfigurationList = D1C3110D2458A93700FAEEA0 /* Build configuration list for PBXProject "P5 final working" */;
			compatibilityVersion = "Xcode 9.3";
			developmentRegion = en;
			hasScannedForEncodings = 0;
			knownRegions = (
				en,
				Base,
			);
			mainGroup = D1C311092458A93700FAEEA0;
			productRefGroup = D14E62772458AEBE007560CA /* Products */;
			projectDirPath = "";
			projectRoot = "";
			targets = (
				D1C3110E2458A93700FAEEA0 /* P5 final working */,
				D14E62752458AEBE007560CA /* index */,
			);
		};
/* End PBXProject section */

/* Begin PBXSourcesBuildPhase section */
		D14E62722458AEBE007560CA /* Sources */ = {
			isa = PBXSourcesBuildPhase;
			buildActionMask = 2147483647;
			files = (
				D10E34A62458B1C600E368B0 /* BigQ.cc in Sources */,
				D10E34A72458B1C600E368B0 /* BigQ.h in Sources */,
				D10E34A82458B1C600E368B0 /* catalog in Sources */,
				D10E34A92458B1C600E368B0 /* Comparison.cc in Sources */,
				D10E34AA2458B1C600E368B0 /* Comparison.h in Sources */,
				D10E34AB2458B1C600E368B0 /* ComparisonEngine.cc in Sources */,
				D10E34AC2458B1C600E368B0 /* ComparisonEngine.h in Sources */,
				D10E34AD2458B1C600E368B0 /* counter.txt in Sources */,
				D10E34AE2458B1C600E368B0 /* DBFile.cc in Sources */,
				D10E34AF2458B1C600E368B0 /* DBFile.h in Sources */,
				D10E34B02458B1C600E368B0 /* Defs.h in Sources */,
				D10E34B12458B1C600E368B0 /* File.cc in Sources */,
				D10E34B22458B1C600E368B0 /* File.h in Sources */,
				D10E34B32458B1C600E368B0 /* Function.cc in Sources */,
				D10E34B42458B1C600E368B0 /* Function.h in Sources */,
				D10E34B52458B1C600E368B0 /* Makefile in Sources */,
				D10E34B62458B1C600E368B0 /* gtest_main.cc in Sources */,
				D10E34B72458B1C600E368B0 /* gtest-all.cc in Sources */,
				D10E34B82458B1C600E368B0 /* gtest.cc in Sources */,
				D10E34B92458B1C600E368B0 /* gtest.h in Sources */,
				D10E34BA2458B1C600E368B0 /* main.cc in Sources */,
				D10E34BB2458B1C600E368B0 /* ParseFunc.h in Sources */,
				D10E34BC2458B1C600E368B0 /* Parser.y in Sources */,
				D10E34BD2458B1C600E368B0 /* ParserFunc.y in Sources */,
				D10E34BE2458B1C600E368B0 /* ParseTree.h in Sources */,
				D10E34BF2458B1C600E368B0 /* Pipe.cc in Sources */,
				D10E34C02458B1C600E368B0 /* Pipe.h in Sources */,
				D10E34C12458B1C600E368B0 /* Record.cc in Sources */,
				D10E34C22458B1C600E368B0 /* Record.h in Sources */,
				D10E34C32458B1C600E368B0 /* RelOp.cc in Sources */,
				D10E34C42458B1C600E368B0 /* RelOp.h in Sources */,
				D10E34C52458B1C600E368B0 /* RelStats.h in Sources */,
				D10E34C62458B1C600E368B0 /* Schema.cc in Sources */,
				D10E34C72458B1C600E368B0 /* Schema.h in Sources */,
				D10E34C82458B1C600E368B0 /* Statistics.cc in Sources */,
				D10E34C92458B1C600E368B0 /* Statistics.h in Sources */,
				D10E34CA2458B1C600E368B0 /* Statistics.txt in Sources */,
				D10E34CB2458B1C600E368B0 /* TwoWayList.cc in Sources */,
				D10E34CC2458B1C600E368B0 /* TwoWayList.h in Sources */,
				D10E34CD2458B1C600E368B0 /* Utilities.h in Sources */,
				D14E627A2458AEBE007560CA /* main.cpp in Sources */,
			);
			runOnlyForDeploymentPostprocessing = 0;
		};
/* End PBXSourcesBuildPhase section */

/* Begin XCBuildConfiguration section */
		D14E627B2458AEBE007560CA /* Debug */ = {
			isa = XCBuildConfiguration;
			buildSettings = {
				CODE_SIGN_STYLE = Automatic;
				MACOSX_DEPLOYMENT_TARGET = 10.15;
				PRODUCT_NAME = "$(TARGET_NAME)";
				SDKROOT = macosx;
			};
			name = Debug;
		};
		D14E627C2458AEBE007560CA /* Release */ = {
			isa = XCBuildConfiguration;
			buildSettings = {
				CODE_SIGN_STYLE = Automatic;
				MACOSX_DEPLOYMENT_TARGET = 10.15;
				PRODUCT_NAME = "$(TARGET_NAME)";
				SDKROOT = macosx;
			};
			name = Release;
		};
		D1C3110F2458A93700FAEEA0 /* Debug */ = {
			isa = XCBuildConfiguration;
			buildSettings = {
				ALWAYS_SEARCH_USER_PATHS = NO;
				CLANG_ANALYZER_NONNULL = YES;
				CLANG_ANALYZER_NUMBER_OBJECT_CONVERSION = YES_AGGRESSIVE;
				CLANG_CXX_LANGUAGE_STANDARD = "gnu++14";
				CLANG_CXX_LIBRARY = "libc++";
				CLANG_ENABLE_MODULES = YES;
				CLANG_ENABLE_OBJC_ARC = YES;
				CLANG_ENABLE_OBJC_WEAK = YES;
				CLANG_WARN_BLOCK_CAPTURE_AUTORELEASING = YES;
				CLANG_WARN_BOOL_CONVERSION = YES;
				CLANG_WARN_COMMA = YES;
				CLANG_WARN_CONSTANT_CONVERSION = YES;
				CLANG_WARN_DEPRECATED_OBJC_IMPLEMENTATIONS = YES;
				CLANG_WARN_DIRECT_OBJC_ISA_USAGE = YES_ERROR;
				CLANG_WARN_DOCUMENTATION_COMMENTS = YES;
				CLANG_WARN_EMPTY_BODY = YES;
				CLANG_WARN_ENUM_CONVERSION = YES;
				CLANG_WARN_INFINITE_RECURSION = YES;
				CLANG_WARN_INT_CONVERSION = YES;
				CLANG_WARN_NON_LITERAL_NULL_CONVERSION = YES;
				CLANG_WARN_OBJC_IMPLICIT_RETAIN_SELF = YES;
				CLANG_WARN_OBJC_LITERAL_CONVERSION = YES;
				CLANG_WARN_OBJC_ROOT_CLASS = YES_ERROR;
				CLANG_WARN_RANGE_LOOP_ANALYSIS = YES;
				CLANG_WARN_STRICT_PROTOTYPES = YES;
				CLANG_WARN_SUSPICIOUS_MOVE = YES;
				CLANG_WARN_UNGUARDED_AVAILABILITY = YES_AGGRESSIVE;
				CLANG_WARN_UNREACHABLE_CODE = YES;
				CLANG_WARN__DUPLICATE_METHOD_MATCH = YES;
				COPY_PHASE_STRIP = NO;
				DEBUG_INFORMATION_FORMAT = dwarf;
				ENABLE_STRICT_OBJC_MSGSEND = YES;
				ENABLE_TESTABILITY = YES;
				GCC_C_LANGUAGE_STANDARD = gnu11;
				GCC_DYNAMIC_NO_PIC = NO;
				GCC_NO_COMMON_BLOCKS = YES;
				GCC_OPTIMIZATION_LEVEL = 0;
				GCC_PREPROCESSOR_DEFINITIONS = (
					"DEBUG=1",
					"$(inherited)",
				);
				GCC_WARN_64_TO_32_BIT_CONVERSION = YES;
				GCC_WARN_ABOUT_RETURN_TYPE = YES_ERROR;
				GCC_WARN_UNDECLARED_SELECTOR = YES;
				GCC_WARN_UNINITIALIZED_AUTOS = YES_AGGRESSIVE;
				GCC_WARN_UNUSED_FUNCTION = YES;
				GCC_WARN_UNUSED_VARIABLE = YES;
				MTL_ENABLE_DEBUG_INFO = INCLUDE_SOURCE;
				MTL_FAST_MATH = YES;
				ONLY_ACTIVE_ARCH = YES;
			};
			name = Debug;
		};
		D1C311102458A93700FAEEA0 /* Release */ = {
			isa = XCBuildConfiguration;
			buildSettings = {
				ALWAYS_SEARCH_USER_PATHS = NO;
				CLANG_ANALYZER_NONNULL = YES;
				CLANG_ANALYZER_NUMBER_OBJECT_CONVERSION = YES_AGGRESSIVE;
				CLANG_CXX_LANGUAGE_STANDARD = "gnu++14";
				CLANG_CXX_LIBRARY = "libc++";
				CLANG_ENABLE_MODULES = YES;
				CLANG_ENABLE_OBJC_ARC = YES;
				CLANG_ENABLE_OBJC_WEAK = YES;
				CLANG_WARN_BLOCK_CAPTURE_AUTORELEASING = YES;
				CLANG_WARN_BOOL_CONVERSION = YES;
				CLANG_WARN_COMMA = YES;
				CLANG_WARN_CONSTANT_CONVERSION = YES;
				CLANG_WARN_DEPRECATED_OBJC_IMPLEMENTATIONS = YES;
				CLANG_WARN_DIRECT_OBJC_ISA_USAGE = YES_ERROR;
				CLANG_WARN_DOCUMENTATION_COMMENTS = YES;
				CLANG_WARN_EMPTY_BODY = YES;
				CLANG_WARN_ENUM_CONVERSION = YES;
				CLANG_WARN_INFINITE_RECURSION = YES;
				CLANG_WARN_INT_CONVERSION = YES;
				CLANG_WARN_NON_LITERAL_NULL_CONVERSION = YES;
				CLANG_WARN_OBJC_IMPLICIT_RETAIN_SELF = YES;
				CLANG_WARN_OBJC_LITERAL_CONVERSION = YES;
				CLANG_WARN_OBJC_ROOT_CLASS = YES_ERROR;
				CLANG_WARN_RANGE_LOOP_ANALYSIS = YES;
				CLANG_WARN_STRICT_PROTOTYPES = YES;
				CLANG_WARN_SUSPICIOUS_MOVE = YES;
				CLANG_WARN_UNGUARDED_AVAILABILITY = YES_AGGRESSIVE;
				CLANG_WARN_UNREACHABLE_CODE = YES;
				CLANG_WARN__DUPLICATE_METHOD_MATCH = YES;
				COPY_PHASE_STRIP = NO;
				DEBUG_INFORMATION_FORMAT = "dwarf-with-dsym";
				ENABLE_NS_ASSERTIONS = NO;
				ENABLE_STRICT_OBJC_MSGSEND = YES;
				GCC_C_LANGUAGE_STANDARD = gnu11;
				GCC_NO_COMMON_BLOCKS = YES;
				GCC_WARN_64_TO_32_BIT_CONVERSION = YES;
				GCC_WARN_ABOUT_RETURN_TYPE = YES_ERROR;
				GCC_WARN_UNDECLARED_SELECTOR = YES;
				GCC_WARN_UNINITIALIZED_AUTOS = YES_AGGRESSIVE;
				GCC_WARN_UNUSED_FUNCTION = YES;
				GCC_WARN_UNUSED_VARIABLE = YES;
				MTL_ENABLE_DEBUG_INFO = NO;
				MTL_FAST_MATH = YES;
			};
			name = Release;
		};
		D1C311122458A93700FAEEA0 /* Debug */ = {
			isa = XCBuildConfiguration;
			buildSettings = {
				CODE_SIGN_STYLE = Automatic;
				DEBUGGING_SYMBOLS = YES;
				DEBUG_INFORMATION_FORMAT = dwarf;
				GCC_GENERATE_DEBUGGING_SYMBOLS = YES;
				GCC_OPTIMIZATION_LEVEL = 0;
				OTHER_CFLAGS = "";
				OTHER_LDFLAGS = "";
				PRODUCT_NAME = "$(TARGET_NAME)";
			};
			name = Debug;
		};
		D1C311132458A93700FAEEA0 /* Release */ = {
			isa = XCBuildConfiguration;
			buildSettings = {
				CODE_SIGN_STYLE = Automatic;
				DEBUG_INFORMATION_FORMAT = "dwarf-with-dsym";
				OTHER_CFLAGS = "";
				OTHER_LDFLAGS = "";
				PRODUCT_NAME = "$(TARGET_NAME)";
			};
			name = Release;
		};
/* End XCBuildConfiguration section */

/* Begin XCConfigurationList section */
		D14E627D2458AEBE007560CA /* Build configuration list for PBXNativeTarget "index" */ = {
			isa = XCConfigurationList;
			buildConfigurations = (
				D14E627B2458AEBE007560CA /* Debug */,
				D14E627C2458AEBE007560CA /* Release */,
			);
			defaultConfigurationIsVisible = 0;
			defaultConfigurationName = Release;
		};
		D1C3110D2458A93700FAEEA0 /* Build configuration list for PBXProject "P5 final working" */ = {
			isa = XCConfigurationList;
			buildConfigurations = (
				D1C3110F2458A93700FAEEA0 /* Debug */,
				D1C311102458A93700FAEEA0 /* Release */,
			);
			defaultConfigurationIsVisible = 0;
			defaultConfigurationName = Release;
		};
		D1C311112458A93700FAEEA0 /* Build configuration list for PBXLegacyTarget "P5 final working" */ = {
			isa = XCConfigurationList;
			buildConfigurations = (
				D1C311122458A93700FAEEA0 /* Debug */,
				D1C311132458A93700FAEEA0 /* Release */,
			);
			defaultConfigurationIsVisible = 0;
			defaultConfigurationName = Release;
		};
/* End XCConfigurationList section */
	};
	rootObject = D1C3110A2458A93700FAEEA0 /* Project object */;
}
